// !$*UTF8*$!
{
	archiveVersion = 1;
	classes = {
	};
	objectVersion = 56;
	objects = {

/* Begin PBXBuildFile section */
		8C4B0EEC2AEECC28003A4C9F /* swiftuilearningApp.swift in Sources */ = {isa = PBXBuildFile; fileRef = 8C4B0EEB2AEECC28003A4C9F /* swiftuilearningApp.swift */; };
		8C4B0EF02AEECC2B003A4C9F /* Assets.xcassets in Resources */ = {isa = PBXBuildFile; fileRef = 8C4B0EEF2AEECC2B003A4C9F /* Assets.xcassets */; };
		8C4B0EF32AEECC2B003A4C9F /* Preview Assets.xcassets in Resources */ = {isa = PBXBuildFile; fileRef = 8C4B0EF22AEECC2B003A4C9F /* Preview Assets.xcassets */; };
		8C4B0F062AEECE74003A4C9F /* ContextView.swift in Sources */ = {isa = PBXBuildFile; fileRef = 8C4B0F052AEECE73003A4C9F /* ContextView.swift */; };
		8C4B0F082AEEE3A7003A4C9F /* facebookHome.swift in Sources */ = {isa = PBXBuildFile; fileRef = 8C4B0F072AEEE3A7003A4C9F /* facebookHome.swift */; };
		8C4B0F0A2AEEEAE1003A4C9F /* Images.xcassets in Resources */ = {isa = PBXBuildFile; fileRef = 8C4B0F092AEEEAE1003A4C9F /* Images.xcassets */; };
		8C5C6B752AF4DAC300ABF08B /* signUpForm.swift in Sources */ = {isa = PBXBuildFile; fileRef = 8C5C6B742AF4DAC300ABF08B /* signUpForm.swift */; };
		8C5C6B772AF4E6C300ABF08B /* bottomNavigation.swift in Sources */ = {isa = PBXBuildFile; fileRef = 8C5C6B762AF4E6C300ABF08B /* bottomNavigation.swift */; };
		8C5C6B7A2AF4EEA300ABF08B /* lottieView.swift in Sources */ = {isa = PBXBuildFile; fileRef = 8C5C6B792AF4EEA300ABF08B /* lottieView.swift */; };
		8C5C6B7C2AF4F03400ABF08B /* Lottie in Frameworks */ = {isa = PBXBuildFile; productRef = 8C5C6B7B2AF4F03400ABF08B /* Lottie */; };
		8C5C6B802AF4F1EB00ABF08B /* lottieLoading.swift in Sources */ = {isa = PBXBuildFile; fileRef = 8C5C6B7F2AF4F1EB00ABF08B /* lottieLoading.swift */; };
		8C5C6B822AF4F2EB00ABF08B /* loading.json in Resources */ = {isa = PBXBuildFile; fileRef = 8C5C6B812AF4F2EB00ABF08B /* loading.json */; };
		8CC8F97B2AEF96920042A0A2 /* AppStore.swift in Sources */ = {isa = PBXBuildFile; fileRef = 8CC8F97A2AEF96920042A0A2 /* AppStore.swift */; };
		8CC8F97D2AEFA8D90042A0A2 /* chartsView.swift in Sources */ = {isa = PBXBuildFile; fileRef = 8CC8F97C2AEFA8D90042A0A2 /* chartsView.swift */; };
		8CC8F9802AEFA94F0042A0A2 /* SwiftUICharts in Frameworks */ = {isa = PBXBuildFile; productRef = 8CC8F97F2AEFA94F0042A0A2 /* SwiftUICharts */; };
		8CCEBF682AF6AF18009D43E5 /* imagesGallery.swift in Sources */ = {isa = PBXBuildFile; fileRef = 8CCEBF672AF6AF18009D43E5 /* imagesGallery.swift */; };
		8CCEBF6A2AF6B0B5009D43E5 /* SwURL in Frameworks */ = {isa = PBXBuildFile; productRef = 8CCEBF692AF6B0B5009D43E5 /* SwURL */; };
		8CE8F0862AEFB14E00D1F6D7 /* WidgetKit.framework in Frameworks */ = {isa = PBXBuildFile; fileRef = 8CE8F0852AEFB14D00D1F6D7 /* WidgetKit.framework */; };
		8CE8F0882AEFB14E00D1F6D7 /* SwiftUI.framework in Frameworks */ = {isa = PBXBuildFile; fileRef = 8CE8F0872AEFB14E00D1F6D7 /* SwiftUI.framework */; };
		8CE8F08B2AEFB14E00D1F6D7 /* My_WidgetBundle.swift in Sources */ = {isa = PBXBuildFile; fileRef = 8CE8F08A2AEFB14E00D1F6D7 /* My_WidgetBundle.swift */; };
		8CE8F08D2AEFB14E00D1F6D7 /* My_WidgetLiveActivity.swift in Sources */ = {isa = PBXBuildFile; fileRef = 8CE8F08C2AEFB14E00D1F6D7 /* My_WidgetLiveActivity.swift */; };
		8CE8F08F2AEFB14E00D1F6D7 /* My_Widget.swift in Sources */ = {isa = PBXBuildFile; fileRef = 8CE8F08E2AEFB14E00D1F6D7 /* My_Widget.swift */; };
		8CE8F0912AEFB14E00D1F6D7 /* AppIntent.swift in Sources */ = {isa = PBXBuildFile; fileRef = 8CE8F0902AEFB14E00D1F6D7 /* AppIntent.swift */; };
		8CE8F0932AEFB14F00D1F6D7 /* Assets.xcassets in Resources */ = {isa = PBXBuildFile; fileRef = 8CE8F0922AEFB14F00D1F6D7 /* Assets.xcassets */; };
		8CE8F0972AEFB14F00D1F6D7 /* My WidgetExtension.appex in Embed Foundation Extensions */ = {isa = PBXBuildFile; fileRef = 8CE8F0832AEFB14D00D1F6D7 /* My WidgetExtension.appex */; settings = {ATTRIBUTES = (RemoveHeadersOnCopy, ); }; };
		8CE8F09D2AEFBED200D1F6D7 /* widgetViewController.swift in Sources */ = {isa = PBXBuildFile; fileRef = 8CE8F09C2AEFBED200D1F6D7 /* widgetViewController.swift */; };
		8CE8F09F2AEFC15300D1F6D7 /* SwiftWidgetScreen.swift in Sources */ = {isa = PBXBuildFile; fileRef = 8CE8F09E2AEFC15300D1F6D7 /* SwiftWidgetScreen.swift */; };
		8CE8F0A32AEFD06800D1F6D7 /* ToDoListView.swift in Sources */ = {isa = PBXBuildFile; fileRef = 8CE8F0A22AEFD06800D1F6D7 /* ToDoListView.swift */; };
/* End PBXBuildFile section */

/* Begin PBXContainerItemProxy section */
		8CE8F0952AEFB14F00D1F6D7 /* PBXContainerItemProxy */ = {
			isa = PBXContainerItemProxy;
			containerPortal = 8C4B0EE02AEECC28003A4C9F /* Project object */;
			proxyType = 1;
			remoteGlobalIDString = 8CE8F0822AEFB14D00D1F6D7;
			remoteInfo = "My WidgetExtension";
		};
/* End PBXContainerItemProxy section */

/* Begin PBXCopyFilesBuildPhase section */
		8CE8F0982AEFB14F00D1F6D7 /* Embed Foundation Extensions */ = {
			isa = PBXCopyFilesBuildPhase;
			buildActionMask = 2147483647;
			dstPath = "";
			dstSubfolderSpec = 13;
			files = (
				8CE8F0972AEFB14F00D1F6D7 /* My WidgetExtension.appex in Embed Foundation Extensions */,
			);
			name = "Embed Foundation Extensions";
			runOnlyForDeploymentPostprocessing = 0;
		};
/* End PBXCopyFilesBuildPhase section */

/* Begin PBXFileReference section */
		8C4B0EE82AEECC28003A4C9F /* swiftuilearning.app */ = {isa = PBXFileReference; explicitFileType = wrapper.application; includeInIndex = 0; path = swiftuilearning.app; sourceTree = BUILT_PRODUCTS_DIR; };
		8C4B0EEB2AEECC28003A4C9F /* swiftuilearningApp.swift */ = {isa = PBXFileReference; lastKnownFileType = sourcecode.swift; path = swiftuilearningApp.swift; sourceTree = "<group>"; };
		8C4B0EEF2AEECC2B003A4C9F /* Assets.xcassets */ = {isa = PBXFileReference; lastKnownFileType = folder.assetcatalog; path = Assets.xcassets; sourceTree = "<group>"; };
		8C4B0EF22AEECC2B003A4C9F /* Preview Assets.xcassets */ = {isa = PBXFileReference; lastKnownFileType = folder.assetcatalog; path = "Preview Assets.xcassets"; sourceTree = "<group>"; };
		8C4B0F052AEECE73003A4C9F /* ContextView.swift */ = {isa = PBXFileReference; lastKnownFileType = sourcecode.swift; path = ContextView.swift; sourceTree = "<group>"; };
		8C4B0F072AEEE3A7003A4C9F /* facebookHome.swift */ = {isa = PBXFileReference; lastKnownFileType = sourcecode.swift; path = facebookHome.swift; sourceTree = "<group>"; };
		8C4B0F092AEEEAE1003A4C9F /* Images.xcassets */ = {isa = PBXFileReference; lastKnownFileType = folder.assetcatalog; path = Images.xcassets; sourceTree = "<group>"; };
		8C5C6B742AF4DAC300ABF08B /* signUpForm.swift */ = {isa = PBXFileReference; lastKnownFileType = sourcecode.swift; path = signUpForm.swift; sourceTree = "<group>"; };
		8C5C6B762AF4E6C300ABF08B /* bottomNavigation.swift */ = {isa = PBXFileReference; lastKnownFileType = sourcecode.swift; path = bottomNavigation.swift; sourceTree = "<group>"; };
		8C5C6B792AF4EEA300ABF08B /* lottieView.swift */ = {isa = PBXFileReference; lastKnownFileType = sourcecode.swift; path = lottieView.swift; sourceTree = "<group>"; };
		8C5C6B7F2AF4F1EB00ABF08B /* lottieLoading.swift */ = {isa = PBXFileReference; lastKnownFileType = sourcecode.swift; path = lottieLoading.swift; sourceTree = "<group>"; };
		8C5C6B812AF4F2EB00ABF08B /* loading.json */ = {isa = PBXFileReference; fileEncoding = 4; lastKnownFileType = text.json; name = loading.json; path = ../../../../Downloads/loading.json; sourceTree = "<group>"; };
		8CC8F97A2AEF96920042A0A2 /* AppStore.swift */ = {isa = PBXFileReference; lastKnownFileType = sourcecode.swift; path = AppStore.swift; sourceTree = "<group>"; };
		8CC8F97C2AEFA8D90042A0A2 /* chartsView.swift */ = {isa = PBXFileReference; lastKnownFileType = sourcecode.swift; path = chartsView.swift; sourceTree = "<group>"; };
		8CCEBF672AF6AF18009D43E5 /* imagesGallery.swift */ = {isa = PBXFileReference; lastKnownFileType = sourcecode.swift; path = imagesGallery.swift; sourceTree = "<group>"; };
		8CE8F0832AEFB14D00D1F6D7 /* My WidgetExtension.appex */ = {isa = PBXFileReference; explicitFileType = "wrapper.app-extension"; includeInIndex = 0; path = "My WidgetExtension.appex"; sourceTree = BUILT_PRODUCTS_DIR; };
		8CE8F0852AEFB14D00D1F6D7 /* WidgetKit.framework */ = {isa = PBXFileReference; lastKnownFileType = wrapper.framework; name = WidgetKit.framework; path = System/Library/Frameworks/WidgetKit.framework; sourceTree = SDKROOT; };
		8CE8F0872AEFB14E00D1F6D7 /* SwiftUI.framework */ = {isa = PBXFileReference; lastKnownFileType = wrapper.framework; name = SwiftUI.framework; path = System/Library/Frameworks/SwiftUI.framework; sourceTree = SDKROOT; };
		8CE8F08A2AEFB14E00D1F6D7 /* My_WidgetBundle.swift */ = {isa = PBXFileReference; lastKnownFileType = sourcecode.swift; path = My_WidgetBundle.swift; sourceTree = "<group>"; };
		8CE8F08C2AEFB14E00D1F6D7 /* My_WidgetLiveActivity.swift */ = {isa = PBXFileReference; lastKnownFileType = sourcecode.swift; path = My_WidgetLiveActivity.swift; sourceTree = "<group>"; };
		8CE8F08E2AEFB14E00D1F6D7 /* My_Widget.swift */ = {isa = PBXFileReference; lastKnownFileType = sourcecode.swift; path = My_Widget.swift; sourceTree = "<group>"; };
		8CE8F0902AEFB14E00D1F6D7 /* AppIntent.swift */ = {isa = PBXFileReference; lastKnownFileType = sourcecode.swift; path = AppIntent.swift; sourceTree = "<group>"; };
		8CE8F0922AEFB14F00D1F6D7 /* Assets.xcassets */ = {isa = PBXFileReference; lastKnownFileType = folder.assetcatalog; path = Assets.xcassets; sourceTree = "<group>"; };
		8CE8F0942AEFB14F00D1F6D7 /* Info.plist */ = {isa = PBXFileReference; lastKnownFileType = text.plist.xml; path = Info.plist; sourceTree = "<group>"; };
		8CE8F09C2AEFBED200D1F6D7 /* widgetViewController.swift */ = {isa = PBXFileReference; lastKnownFileType = sourcecode.swift; path = widgetViewController.swift; sourceTree = "<group>"; };
		8CE8F09E2AEFC15300D1F6D7 /* SwiftWidgetScreen.swift */ = {isa = PBXFileReference; lastKnownFileType = sourcecode.swift; path = SwiftWidgetScreen.swift; sourceTree = "<group>"; };
		8CE8F0A02AEFC8FC00D1F6D7 /* swiftuilearning.entitlements */ = {isa = PBXFileReference; lastKnownFileType = text.plist.entitlements; path = swiftuilearning.entitlements; sourceTree = "<group>"; };
		8CE8F0A12AEFC92200D1F6D7 /* My WidgetExtension.entitlements */ = {isa = PBXFileReference; lastKnownFileType = text.plist.entitlements; path = "My WidgetExtension.entitlements"; sourceTree = "<group>"; };
		8CE8F0A22AEFD06800D1F6D7 /* ToDoListView.swift */ = {isa = PBXFileReference; lastKnownFileType = sourcecode.swift; path = ToDoListView.swift; sourceTree = "<group>"; };
/* End PBXFileReference section */

/* Begin PBXFrameworksBuildPhase section */
		8C4B0EE52AEECC28003A4C9F /* Frameworks */ = {
			isa = PBXFrameworksBuildPhase;
			buildActionMask = 2147483647;
			files = (
				8CCEBF6A2AF6B0B5009D43E5 /* SwURL in Frameworks */,
				8CC8F9802AEFA94F0042A0A2 /* SwiftUICharts in Frameworks */,
				8C5C6B7C2AF4F03400ABF08B /* Lottie in Frameworks */,
			);
			runOnlyForDeploymentPostprocessing = 0;
		};
		8CE8F0802AEFB14D00D1F6D7 /* Frameworks */ = {
			isa = PBXFrameworksBuildPhase;
			buildActionMask = 2147483647;
			files = (
				8CE8F0882AEFB14E00D1F6D7 /* SwiftUI.framework in Frameworks */,
				8CE8F0862AEFB14E00D1F6D7 /* WidgetKit.framework in Frameworks */,
			);
			runOnlyForDeploymentPostprocessing = 0;
		};
/* End PBXFrameworksBuildPhase section */

/* Begin PBXGroup section */
		8C4B0EDF2AEECC28003A4C9F = {
			isa = PBXGroup;
			children = (
				8CE8F0A12AEFC92200D1F6D7 /* My WidgetExtension.entitlements */,
				8C4B0EEA2AEECC28003A4C9F /* swiftuilearning */,
				8CE8F0892AEFB14E00D1F6D7 /* My Widget */,
				8CE8F0842AEFB14D00D1F6D7 /* Frameworks */,
				8C4B0EE92AEECC28003A4C9F /* Products */,
			);
			sourceTree = "<group>";
		};
		8C4B0EE92AEECC28003A4C9F /* Products */ = {
			isa = PBXGroup;
			children = (
				8C4B0EE82AEECC28003A4C9F /* swiftuilearning.app */,
				8CE8F0832AEFB14D00D1F6D7 /* My WidgetExtension.appex */,
			);
			name = Products;
			sourceTree = "<group>";
		};
		8C4B0EEA2AEECC28003A4C9F /* swiftuilearning */ = {
			isa = PBXGroup;
			children = (
				8CE8F0A02AEFC8FC00D1F6D7 /* swiftuilearning.entitlements */,
				8C4B0F092AEEEAE1003A4C9F /* Images.xcassets */,
				8C4B0EEB2AEECC28003A4C9F /* swiftuilearningApp.swift */,
				8C4B0EEF2AEECC2B003A4C9F /* Assets.xcassets */,
				8C4B0EF12AEECC2B003A4C9F /* Preview Content */,
				8C4B0F052AEECE73003A4C9F /* ContextView.swift */,
				8C5C6B812AF4F2EB00ABF08B /* loading.json */,
				8C4B0F072AEEE3A7003A4C9F /* facebookHome.swift */,
				8CC8F97A2AEF96920042A0A2 /* AppStore.swift */,
				8CC8F97C2AEFA8D90042A0A2 /* chartsView.swift */,
				8CE8F09C2AEFBED200D1F6D7 /* widgetViewController.swift */,
				8CE8F09E2AEFC15300D1F6D7 /* SwiftWidgetScreen.swift */,
				8CE8F0A22AEFD06800D1F6D7 /* ToDoListView.swift */,
				8C5C6B742AF4DAC300ABF08B /* signUpForm.swift */,
				8C5C6B762AF4E6C300ABF08B /* bottomNavigation.swift */,
				8C5C6B792AF4EEA300ABF08B /* lottieView.swift */,
				8C5C6B7F2AF4F1EB00ABF08B /* lottieLoading.swift */,
				8CCEBF672AF6AF18009D43E5 /* imagesGallery.swift */,
			);
			path = swiftuilearning;
			sourceTree = "<group>";
		};
		8C4B0EF12AEECC2B003A4C9F /* Preview Content */ = {
			isa = PBXGroup;
			children = (
				8C4B0EF22AEECC2B003A4C9F /* Preview Assets.xcassets */,
			);
			path = "Preview Content";
			sourceTree = "<group>";
		};
		8CE8F0842AEFB14D00D1F6D7 /* Frameworks */ = {
			isa = PBXGroup;
			children = (
				8CE8F0852AEFB14D00D1F6D7 /* WidgetKit.framework */,
				8CE8F0872AEFB14E00D1F6D7 /* SwiftUI.framework */,
			);
			name = Frameworks;
			sourceTree = "<group>";
		};
		8CE8F0892AEFB14E00D1F6D7 /* My Widget */ = {
			isa = PBXGroup;
			children = (
				8CE8F08A2AEFB14E00D1F6D7 /* My_WidgetBundle.swift */,
				8CE8F08C2AEFB14E00D1F6D7 /* My_WidgetLiveActivity.swift */,
				8CE8F08E2AEFB14E00D1F6D7 /* My_Widget.swift */,
				8CE8F0902AEFB14E00D1F6D7 /* AppIntent.swift */,
				8CE8F0922AEFB14F00D1F6D7 /* Assets.xcassets */,
				8CE8F0942AEFB14F00D1F6D7 /* Info.plist */,
			);
			path = "My Widget";
			sourceTree = "<group>";
		};
/* End PBXGroup section */

/* Begin PBXNativeTarget section */
		8C4B0EE72AEECC28003A4C9F /* swiftuilearning */ = {
			isa = PBXNativeTarget;
			buildConfigurationList = 8C4B0EFB2AEECC2B003A4C9F /* Build configuration list for PBXNativeTarget "swiftuilearning" */;
			buildPhases = (
				8C4B0EE42AEECC28003A4C9F /* Sources */,
				8C4B0EE52AEECC28003A4C9F /* Frameworks */,
				8C4B0EE62AEECC28003A4C9F /* Resources */,
				8CE8F0982AEFB14F00D1F6D7 /* Embed Foundation Extensions */,
			);
			buildRules = (
			);
			dependencies = (
				8CE8F0962AEFB14F00D1F6D7 /* PBXTargetDependency */,
			);
			name = swiftuilearning;
			packageProductDependencies = (
				8CC8F97F2AEFA94F0042A0A2 /* SwiftUICharts */,
				8C5C6B7B2AF4F03400ABF08B /* Lottie */,
				8CCEBF692AF6B0B5009D43E5 /* SwURL */,
			);
			productName = swiftuilearning;
			productReference = 8C4B0EE82AEECC28003A4C9F /* swiftuilearning.app */;
			productType = "com.apple.product-type.application";
		};
		8CE8F0822AEFB14D00D1F6D7 /* My WidgetExtension */ = {
			isa = PBXNativeTarget;
			buildConfigurationList = 8CE8F09B2AEFB14F00D1F6D7 /* Build configuration list for PBXNativeTarget "My WidgetExtension" */;
			buildPhases = (
				8CE8F07F2AEFB14D00D1F6D7 /* Sources */,
				8CE8F0802AEFB14D00D1F6D7 /* Frameworks */,
				8CE8F0812AEFB14D00D1F6D7 /* Resources */,
			);
			buildRules = (
			);
			dependencies = (
			);
			name = "My WidgetExtension";
			productName = "My WidgetExtension";
			productReference = 8CE8F0832AEFB14D00D1F6D7 /* My WidgetExtension.appex */;
			productType = "com.apple.product-type.app-extension";
		};
/* End PBXNativeTarget section */

/* Begin PBXProject section */
		8C4B0EE02AEECC28003A4C9F /* Project object */ = {
			isa = PBXProject;
			attributes = {
				BuildIndependentTargetsInParallel = 1;
				LastSwiftUpdateCheck = 1500;
				LastUpgradeCheck = 1500;
				TargetAttributes = {
					8C4B0EE72AEECC28003A4C9F = {
						CreatedOnToolsVersion = 15.0.1;
					};
					8CE8F0822AEFB14D00D1F6D7 = {
						CreatedOnToolsVersion = 15.0.1;
					};
				};
			};
			buildConfigurationList = 8C4B0EE32AEECC28003A4C9F /* Build configuration list for PBXProject "swiftuilearning" */;
			compatibilityVersion = "Xcode 14.0";
			developmentRegion = en;
			hasScannedForEncodings = 0;
			knownRegions = (
				en,
				Base,
			);
			mainGroup = 8C4B0EDF2AEECC28003A4C9F;
			packageReferences = (
				8CC8F97E2AEFA94F0042A0A2 /* XCRemoteSwiftPackageReference "ChartView" */,
				8C5C6B782AF4EDE300ABF08B /* XCRemoteSwiftPackageReference "lottie-ios" */,
				8CCEBF662AF6AEDD009D43E5 /* XCRemoteSwiftPackageReference "SwURL" */,
			);
			productRefGroup = 8C4B0EE92AEECC28003A4C9F /* Products */;
			projectDirPath = "";
			projectRoot = "";
			targets = (
				8C4B0EE72AEECC28003A4C9F /* swiftuilearning */,
				8CE8F0822AEFB14D00D1F6D7 /* My WidgetExtension */,
			);
		};
/* End PBXProject section */

/* Begin PBXResourcesBuildPhase section */
		8C4B0EE62AEECC28003A4C9F /* Resources */ = {
			isa = PBXResourcesBuildPhase;
			buildActionMask = 2147483647;
			files = (
				8C4B0F0A2AEEEAE1003A4C9F /* Images.xcassets in Resources */,
				8C4B0EF32AEECC2B003A4C9F /* Preview Assets.xcassets in Resources */,
				8C5C6B822AF4F2EB00ABF08B /* loading.json in Resources */,
				8C4B0EF02AEECC2B003A4C9F /* Assets.xcassets in Resources */,
			);
			runOnlyForDeploymentPostprocessing = 0;
		};
		8CE8F0812AEFB14D00D1F6D7 /* Resources */ = {
			isa = PBXResourcesBuildPhase;
			buildActionMask = 2147483647;
			files = (
				8CE8F0932AEFB14F00D1F6D7 /* Assets.xcassets in Resources */,
			);
			runOnlyForDeploymentPostprocessing = 0;
		};
/* End PBXResourcesBuildPhase section */

/* Begin PBXSourcesBuildPhase section */
		8C4B0EE42AEECC28003A4C9F /* Sources */ = {
			isa = PBXSourcesBuildPhase;
			buildActionMask = 2147483647;
			files = (
				8C5C6B772AF4E6C300ABF08B /* bottomNavigation.swift in Sources */,
				8C5C6B802AF4F1EB00ABF08B /* lottieLoading.swift in Sources */,
				8CE8F09D2AEFBED200D1F6D7 /* widgetViewController.swift in Sources */,
				8C4B0F062AEECE74003A4C9F /* ContextView.swift in Sources */,
				8C5C6B7A2AF4EEA300ABF08B /* lottieView.swift in Sources */,
				8CE8F0A32AEFD06800D1F6D7 /* ToDoListView.swift in Sources */,
				8C4B0F082AEEE3A7003A4C9F /* facebookHome.swift in Sources */,
				8C5C6B752AF4DAC300ABF08B /* signUpForm.swift in Sources */,
				8CC8F97D2AEFA8D90042A0A2 /* chartsView.swift in Sources */,
				8C4B0EEC2AEECC28003A4C9F /* swiftuilearningApp.swift in Sources */,
				8CCEBF682AF6AF18009D43E5 /* imagesGallery.swift in Sources */,
				8CE8F09F2AEFC15300D1F6D7 /* SwiftWidgetScreen.swift in Sources */,
				8CC8F97B2AEF96920042A0A2 /* AppStore.swift in Sources */,
			);
			runOnlyForDeploymentPostprocessing = 0;
		};
		8CE8F07F2AEFB14D00D1F6D7 /* Sources */ = {
			isa = PBXSourcesBuildPhase;
			buildActionMask = 2147483647;
			files = (
				8CE8F08D2AEFB14E00D1F6D7 /* My_WidgetLiveActivity.swift in Sources */,
				8CE8F0912AEFB14E00D1F6D7 /* AppIntent.swift in Sources */,
				8CE8F08B2AEFB14E00D1F6D7 /* My_WidgetBundle.swift in Sources */,
				8CE8F08F2AEFB14E00D1F6D7 /* My_Widget.swift in Sources */,
			);
			runOnlyForDeploymentPostprocessing = 0;
		};
/* End PBXSourcesBuildPhase section */

/* Begin PBXTargetDependency section */
		8CE8F0962AEFB14F00D1F6D7 /* PBXTargetDependency */ = {
			isa = PBXTargetDependency;
			target = 8CE8F0822AEFB14D00D1F6D7 /* My WidgetExtension */;
			targetProxy = 8CE8F0952AEFB14F00D1F6D7 /* PBXContainerItemProxy */;
		};
/* End PBXTargetDependency section */

/* Begin XCBuildConfiguration section */
		8C4B0EF92AEECC2B003A4C9F /* Debug */ = {
			isa = XCBuildConfiguration;
			buildSettings = {
				ALWAYS_SEARCH_USER_PATHS = NO;
				ASSETCATALOG_COMPILER_GENERATE_SWIFT_ASSET_SYMBOL_EXTENSIONS = YES;
				CLANG_ANALYZER_NONNULL = YES;
				CLANG_ANALYZER_NUMBER_OBJECT_CONVERSION = YES_AGGRESSIVE;
				CLANG_CXX_LANGUAGE_STANDARD = "gnu++20";
				CLANG_ENABLE_MODULES = YES;
				CLANG_ENABLE_OBJC_ARC = YES;
				CLANG_ENABLE_OBJC_WEAK = YES;
				CLANG_WARN_BLOCK_CAPTURE_AUTORELEASING = YES;
				CLANG_WARN_BOOL_CONVERSION = YES;
				CLANG_WARN_COMMA = YES;
				CLANG_WARN_CONSTANT_CONVERSION = YES;
				CLANG_WARN_DEPRECATED_OBJC_IMPLEMENTATIONS = YES;
				CLANG_WARN_DIRECT_OBJC_ISA_USAGE = YES_ERROR;
				CLANG_WARN_DOCUMENTATION_COMMENTS = YES;
				CLANG_WARN_EMPTY_BODY = YES;
				CLANG_WARN_ENUM_CONVERSION = YES;
				CLANG_WARN_INFINITE_RECURSION = YES;
				CLANG_WARN_INT_CONVERSION = YES;
				CLANG_WARN_NON_LITERAL_NULL_CONVERSION = YES;
				CLANG_WARN_OBJC_IMPLICIT_RETAIN_SELF = YES;
				CLANG_WARN_OBJC_LITERAL_CONVERSION = YES;
				CLANG_WARN_OBJC_ROOT_CLASS = YES_ERROR;
				CLANG_WARN_QUOTED_INCLUDE_IN_FRAMEWORK_HEADER = YES;
				CLANG_WARN_RANGE_LOOP_ANALYSIS = YES;
				CLANG_WARN_STRICT_PROTOTYPES = YES;
				CLANG_WARN_SUSPICIOUS_MOVE = YES;
				CLANG_WARN_UNGUARDED_AVAILABILITY = YES_AGGRESSIVE;
				CLANG_WARN_UNREACHABLE_CODE = YES;
				CLANG_WARN__DUPLICATE_METHOD_MATCH = YES;
				COPY_PHASE_STRIP = NO;
				DEBUG_INFORMATION_FORMAT = dwarf;
				ENABLE_STRICT_OBJC_MSGSEND = YES;
				ENABLE_TESTABILITY = YES;
				ENABLE_USER_SCRIPT_SANDBOXING = YES;
				GCC_C_LANGUAGE_STANDARD = gnu17;
				GCC_DYNAMIC_NO_PIC = NO;
				GCC_NO_COMMON_BLOCKS = YES;
				GCC_OPTIMIZATION_LEVEL = 0;
				GCC_PREPROCESSOR_DEFINITIONS = (
					"DEBUG=1",
					"$(inherited)",
				);
				GCC_WARN_64_TO_32_BIT_CONVERSION = YES;
				GCC_WARN_ABOUT_RETURN_TYPE = YES_ERROR;
				GCC_WARN_UNDECLARED_SELECTOR = YES;
				GCC_WARN_UNINITIALIZED_AUTOS = YES_AGGRESSIVE;
				GCC_WARN_UNUSED_FUNCTION = YES;
				GCC_WARN_UNUSED_VARIABLE = YES;
				IPHONEOS_DEPLOYMENT_TARGET = 17.0;
				LOCALIZATION_PREFERS_STRING_CATALOGS = YES;
				MTL_ENABLE_DEBUG_INFO = INCLUDE_SOURCE;
				MTL_FAST_MATH = YES;
				ONLY_ACTIVE_ARCH = YES;
				SDKROOT = iphoneos;
				SWIFT_ACTIVE_COMPILATION_CONDITIONS = "DEBUG $(inherited)";
				SWIFT_OPTIMIZATION_LEVEL = "-Onone";
			};
			name = Debug;
		};
		8C4B0EFA2AEECC2B003A4C9F /* Release */ = {
			isa = XCBuildConfiguration;
			buildSettings = {
				ALWAYS_SEARCH_USER_PATHS = NO;
				ASSETCATALOG_COMPILER_GENERATE_SWIFT_ASSET_SYMBOL_EXTENSIONS = YES;
				CLANG_ANALYZER_NONNULL = YES;
				CLANG_ANALYZER_NUMBER_OBJECT_CONVERSION = YES_AGGRESSIVE;
				CLANG_CXX_LANGUAGE_STANDARD = "gnu++20";
				CLANG_ENABLE_MODULES = YES;
				CLANG_ENABLE_OBJC_ARC = YES;
				CLANG_ENABLE_OBJC_WEAK = YES;
				CLANG_WARN_BLOCK_CAPTURE_AUTORELEASING = YES;
				CLANG_WARN_BOOL_CONVERSION = YES;
				CLANG_WARN_COMMA = YES;
				CLANG_WARN_CONSTANT_CONVERSION = YES;
				CLANG_WARN_DEPRECATED_OBJC_IMPLEMENTATIONS = YES;
				CLANG_WARN_DIRECT_OBJC_ISA_USAGE = YES_ERROR;
				CLANG_WARN_DOCUMENTATION_COMMENTS = YES;
				CLANG_WARN_EMPTY_BODY = YES;
				CLANG_WARN_ENUM_CONVERSION = YES;
				CLANG_WARN_INFINITE_RECURSION = YES;
				CLANG_WARN_INT_CONVERSION = YES;
				CLANG_WARN_NON_LITERAL_NULL_CONVERSION = YES;
				CLANG_WARN_OBJC_IMPLICIT_RETAIN_SELF = YES;
				CLANG_WARN_OBJC_LITERAL_CONVERSION = YES;
				CLANG_WARN_OBJC_ROOT_CLASS = YES_ERROR;
				CLANG_WARN_QUOTED_INCLUDE_IN_FRAMEWORK_HEADER = YES;
				CLANG_WARN_RANGE_LOOP_ANALYSIS = YES;
				CLANG_WARN_STRICT_PROTOTYPES = YES;
				CLANG_WARN_SUSPICIOUS_MOVE = YES;
				CLANG_WARN_UNGUARDED_AVAILABILITY = YES_AGGRESSIVE;
				CLANG_WARN_UNREACHABLE_CODE = YES;
				CLANG_WARN__DUPLICATE_METHOD_MATCH = YES;
				COPY_PHASE_STRIP = NO;
				DEBUG_INFORMATION_FORMAT = "dwarf-with-dsym";
				ENABLE_NS_ASSERTIONS = NO;
				ENABLE_STRICT_OBJC_MSGSEND = YES;
				ENABLE_USER_SCRIPT_SANDBOXING = YES;
				GCC_C_LANGUAGE_STANDARD = gnu17;
				GCC_NO_COMMON_BLOCKS = YES;
				GCC_WARN_64_TO_32_BIT_CONVERSION = YES;
				GCC_WARN_ABOUT_RETURN_TYPE = YES_ERROR;
				GCC_WARN_UNDECLARED_SELECTOR = YES;
				GCC_WARN_UNINITIALIZED_AUTOS = YES_AGGRESSIVE;
				GCC_WARN_UNUSED_FUNCTION = YES;
				GCC_WARN_UNUSED_VARIABLE = YES;
				IPHONEOS_DEPLOYMENT_TARGET = 17.0;
				LOCALIZATION_PREFERS_STRING_CATALOGS = YES;
				MTL_ENABLE_DEBUG_INFO = NO;
				MTL_FAST_MATH = YES;
				SDKROOT = iphoneos;
				SWIFT_COMPILATION_MODE = wholemodule;
				VALIDATE_PRODUCT = YES;
			};
			name = Release;
		};
		8C4B0EFC2AEECC2B003A4C9F /* Debug */ = {
			isa = XCBuildConfiguration;
			buildSettings = {
				ALWAYS_EMBED_SWIFT_STANDARD_LIBRARIES = YES;
				ASSETCATALOG_COMPILER_APPICON_NAME = AppIcon;
				ASSETCATALOG_COMPILER_GLOBAL_ACCENT_COLOR_NAME = AccentColor;
				CODE_SIGN_ENTITLEMENTS = swiftuilearning/swiftuilearning.entitlements;
				CODE_SIGN_STYLE = Automatic;
				CURRENT_PROJECT_VERSION = 1;
				DEAD_CODE_STRIPPING = NO;
				DEVELOPMENT_ASSET_PATHS = "\"swiftuilearning/Preview Content\"";
				DEVELOPMENT_TEAM = "";
				ENABLE_PREVIEWS = YES;
				GENERATE_INFOPLIST_FILE = YES;
				INFOPLIST_KEY_UIApplicationSceneManifest_Generation = YES;
				INFOPLIST_KEY_UIApplicationSupportsIndirectInputEvents = YES;
				INFOPLIST_KEY_UILaunchScreen_Generation = YES;
				INFOPLIST_KEY_UISupportedInterfaceOrientations_iPad = "UIInterfaceOrientationPortrait UIInterfaceOrientationPortraitUpsideDown UIInterfaceOrientationLandscapeLeft UIInterfaceOrientationLandscapeRight";
				INFOPLIST_KEY_UISupportedInterfaceOrientations_iPhone = "UIInterfaceOrientationPortrait UIInterfaceOrientationLandscapeLeft UIInterfaceOrientationLandscapeRight";
				LD_RUNPATH_SEARCH_PATHS = (
					"$(inherited)",
					"@executable_path/Frameworks",
				);
				MARKETING_VERSION = 1.0;
				PRODUCT_BUNDLE_IDENTIFIER = com.bhaskar.swiftuilearning;
				PRODUCT_NAME = "$(TARGET_NAME)";
				SWIFT_EMIT_LOC_STRINGS = YES;
				SWIFT_VERSION = 5.0;
				TARGETED_DEVICE_FAMILY = "1,2";
			};
			name = Debug;
		};
		8C4B0EFD2AEECC2B003A4C9F /* Release */ = {
			isa = XCBuildConfiguration;
			buildSettings = {
				ALWAYS_EMBED_SWIFT_STANDARD_LIBRARIES = YES;
				ASSETCATALOG_COMPILER_APPICON_NAME = AppIcon;
				ASSETCATALOG_COMPILER_GLOBAL_ACCENT_COLOR_NAME = AccentColor;
				CODE_SIGN_ENTITLEMENTS = swiftuilearning/swiftuilearning.entitlements;
				CODE_SIGN_STYLE = Automatic;
				CURRENT_PROJECT_VERSION = 1;
				DEAD_CODE_STRIPPING = NO;
				DEVELOPMENT_ASSET_PATHS = "\"swiftuilearning/Preview Content\"";
				DEVELOPMENT_TEAM = "";
				ENABLE_PREVIEWS = YES;
				GENERATE_INFOPLIST_FILE = YES;
				INFOPLIST_KEY_UIApplicationSceneManifest_Generation = YES;
				INFOPLIST_KEY_UIApplicationSupportsIndirectInputEvents = YES;
				INFOPLIST_KEY_UILaunchScreen_Generation = YES;
				INFOPLIST_KEY_UISupportedInterfaceOrientations_iPad = "UIInterfaceOrientationPortrait UIInterfaceOrientationPortraitUpsideDown UIInterfaceOrientationLandscapeLeft UIInterfaceOrientationLandscapeRight";
				INFOPLIST_KEY_UISupportedInterfaceOrientations_iPhone = "UIInterfaceOrientationPortrait UIInterfaceOrientationLandscapeLeft UIInterfaceOrientationLandscapeRight";
				LD_RUNPATH_SEARCH_PATHS = (
					"$(inherited)",
					"@executable_path/Frameworks",
				);
				MARKETING_VERSION = 1.0;
				PRODUCT_BUNDLE_IDENTIFIER = com.bhaskar.swiftuilearning;
				PRODUCT_NAME = "$(TARGET_NAME)";
				SWIFT_EMIT_LOC_STRINGS = YES;
				SWIFT_VERSION = 5.0;
				TARGETED_DEVICE_FAMILY = "1,2";
			};
			name = Release;
		};
		8CE8F0992AEFB14F00D1F6D7 /* Debug */ = {
			isa = XCBuildConfiguration;
			buildSettings = {
				ASSETCATALOG_COMPILER_GLOBAL_ACCENT_COLOR_NAME = AccentColor;
				ASSETCATALOG_COMPILER_WIDGET_BACKGROUND_COLOR_NAME = WidgetBackground;
				CODE_SIGN_ENTITLEMENTS = "My WidgetExtension.entitlements";
				CODE_SIGN_STYLE = Automatic;
				CURRENT_PROJECT_VERSION = 1;
				DEVELOPMENT_TEAM = "";
				GENERATE_INFOPLIST_FILE = YES;
				INFOPLIST_FILE = "My Widget/Info.plist";
				INFOPLIST_KEY_CFBundleDisplayName = "My Widget";
				INFOPLIST_KEY_NSHumanReadableCopyright = "";
				LD_RUNPATH_SEARCH_PATHS = (
					"$(inherited)",
					"@executable_path/Frameworks",
					"@executable_path/../../Frameworks",
				);
				MARKETING_VERSION = 1.0;
				PRODUCT_BUNDLE_IDENTIFIER = "com.bhaskar.swiftuilearning.My-Widget";
				PRODUCT_NAME = "$(TARGET_NAME)";
				SKIP_INSTALL = YES;
				SWIFT_EMIT_LOC_STRINGS = YES;
				SWIFT_VERSION = 5.0;
				TARGETED_DEVICE_FAMILY = "1,2";
			};
			name = Debug;
		};
		8CE8F09A2AEFB14F00D1F6D7 /* Release */ = {
			isa = XCBuildConfiguration;
			buildSettings = {
				ASSETCATALOG_COMPILER_GLOBAL_ACCENT_COLOR_NAME = AccentColor;
				ASSETCATALOG_COMPILER_WIDGET_BACKGROUND_COLOR_NAME = WidgetBackground;
				CODE_SIGN_ENTITLEMENTS = "My WidgetExtension.entitlements";
				CODE_SIGN_STYLE = Automatic;
				CURRENT_PROJECT_VERSION = 1;
				DEVELOPMENT_TEAM = "";
				GENERATE_INFOPLIST_FILE = YES;
				INFOPLIST_FILE = "My Widget/Info.plist";
				INFOPLIST_KEY_CFBundleDisplayName = "My Widget";
				INFOPLIST_KEY_NSHumanReadableCopyright = "";
				LD_RUNPATH_SEARCH_PATHS = (
					"$(inherited)",
					"@executable_path/Frameworks",
					"@executable_path/../../Frameworks",
				);
				MARKETING_VERSION = 1.0;
				PRODUCT_BUNDLE_IDENTIFIER = "com.bhaskar.swiftuilearning.My-Widget";
				PRODUCT_NAME = "$(TARGET_NAME)";
				SKIP_INSTALL = YES;
				SWIFT_EMIT_LOC_STRINGS = YES;
				SWIFT_VERSION = 5.0;
				TARGETED_DEVICE_FAMILY = "1,2";
			};
			name = Release;
		};
/* End XCBuildConfiguration section */

/* Begin XCConfigurationList section */
		8C4B0EE32AEECC28003A4C9F /* Build configuration list for PBXProject "swiftuilearning" */ = {
			isa = XCConfigurationList;
			buildConfigurations = (
				8C4B0EF92AEECC2B003A4C9F /* Debug */,
				8C4B0EFA2AEECC2B003A4C9F /* Release */,
			);
			defaultConfigurationIsVisible = 0;
			defaultConfigurationName = Release;
		};
		8C4B0EFB2AEECC2B003A4C9F /* Build configuration list for PBXNativeTarget "swiftuilearning" */ = {
			isa = XCConfigurationList;
			buildConfigurations = (
				8C4B0EFC2AEECC2B003A4C9F /* Debug */,
				8C4B0EFD2AEECC2B003A4C9F /* Release */,
			);
			defaultConfigurationIsVisible = 0;
			defaultConfigurationName = Release;
		};
		8CE8F09B2AEFB14F00D1F6D7 /* Build configuration list for PBXNativeTarget "My WidgetExtension" */ = {
			isa = XCConfigurationList;
			buildConfigurations = (
				8CE8F0992AEFB14F00D1F6D7 /* Debug */,
				8CE8F09A2AEFB14F00D1F6D7 /* Release */,
			);
			defaultConfigurationIsVisible = 0;
			defaultConfigurationName = Release;
		};
/* End XCConfigurationList section */

/* Begin XCRemoteSwiftPackageReference section */
		8C5C6B782AF4EDE300ABF08B /* XCRemoteSwiftPackageReference "lottie-ios" */ = {
			isa = XCRemoteSwiftPackageReference;
			repositoryURL = "https://github.com/airbnb/lottie-ios";
			requirement = {
				kind = upToNextMajorVersion;
				minimumVersion = 4.3.3;
			};
		};
		8CC8F97E2AEFA94F0042A0A2 /* XCRemoteSwiftPackageReference "ChartView" */ = {
			isa = XCRemoteSwiftPackageReference;
			repositoryURL = "https://github.com/AppPear/ChartView";
			requirement = {
				kind = upToNextMajorVersion;
				minimumVersion = 1.5.5;
			};
		};
		8CCEBF662AF6AEDD009D43E5 /* XCRemoteSwiftPackageReference "SwURL" */ = {
			isa = XCRemoteSwiftPackageReference;
			repositoryURL = "https://github.com/cmtrounce/SwURL";
			requirement = {
				kind = upToNextMajorVersion;
				minimumVersion = 0.6.0;
			};
		};
/* End XCRemoteSwiftPackageReference section */

/* Begin XCSwiftPackageProductDependency section */
		8C5C6B7B2AF4F03400ABF08B /* Lottie */ = {
			isa = XCSwiftPackageProductDependency;
			package = 8C5C6B782AF4EDE300ABF08B /* XCRemoteSwiftPackageReference "lottie-ios" */;
			productName = Lottie;
		};
		8CC8F97F2AEFA94F0042A0A2 /* SwiftUICharts */ = {
			isa = XCSwiftPackageProductDependency;
			package = 8CC8F97E2AEFA94F0042A0A2 /* XCRemoteSwiftPackageReference "ChartView" */;
			productName = SwiftUICharts;
		};
		8CCEBF692AF6B0B5009D43E5 /* SwURL */ = {
			isa = XCSwiftPackageProductDependency;
			package = 8CCEBF662AF6AEDD009D43E5 /* XCRemoteSwiftPackageReference "SwURL" */;
			productName = SwURL;
		};
/* End XCSwiftPackageProductDependency section */
	};
	rootObject = 8C4B0EE02AEECC28003A4C9F /* Project object */;
}
